Microsoft Visual Studio Solution File, Format Version 11.00
# Visual Studio 2008

Project("{0BC8B192-41BF-46E3-420A-DB4B8676BF76}") = "SYLanguage", "Assembly-CSharp.csproj", "{A1ECA1C7-1C16-D30A-2B64-EB7D4ECA86A7}"
EndProject
Project("{0BC8B192-41BF-46E3-420A-DB4B8676BF76}") = "SYLanguage", "Assembly-CSharp-Editor.csproj", "{64B54049-403C-6167-CDE6-06193C483FCF}"
EndProject
Global
	GlobalSection(SolutionConfigurationPlatforms) = preSolution
		Debug|Any CPU = Debug|Any CPU
		Release|Any CPU = Release|Any CPU
	EndGlobalSection
	GlobalSection(ProjectConfigurationPlatforms) = postSolution
		{A1ECA1C7-1C16-D30A-2B64-EB7D4ECA86A7}.Debug|Any CPU.ActiveCfg = Debug|Any CPU
		{A1ECA1C7-1C16-D30A-2B64-EB7D4ECA86A7}.Debug|Any CPU.Build.0 = Debug|Any CPU
		{A1ECA1C7-1C16-D30A-2B64-EB7D4ECA86A7}.Release|Any CPU.ActiveCfg = Release|Any CPU
		{A1ECA1C7-1C16-D30A-2B64-EB7D4ECA86A7}.Release|Any CPU.Build.0 = Release|Any CPU
		{64B54049-403C-6167-CDE6-06193C483FCF}.Debug|Any CPU.ActiveCfg = Debug|Any CPU
		{64B54049-403C-6167-CDE6-06193C483FCF}.Debug|Any CPU.Build.0 = Debug|Any CPU
		{64B54049-403C-6167-CDE6-06193C483FCF}.Release|Any CPU.ActiveCfg = Release|Any CPU
		{64B54049-403C-6167-CDE6-06193C483FCF}.Release|Any CPU.Build.0 = Release|Any CPU
	EndGlobalSection
	GlobalSection(SolutionProperties) = preSolution
		HideSolutionNode = FALSE
	EndGlobalSection
	GlobalSection(MonoDevelopProperties) = preSolution
		StartupItem = Assembly-CSharp.csproj
	EndGlobalSection
EndGlobal
